
Microsoft Visual Studio Solution File, Format Version 12.00
# Visual Studio Version 17
VisualStudioVersion = 17.9.34701.34
MinimumVisualStudioVersion = 10.0.40219.1
Project("{9A19103F-16F7-4668-BE54-9A1E7A4F7556}") = "HemSoft.EggIncTracker.Data", "sources\HemSoft.EggIncTracker.Data\HemSoft.EggIncTracker.Data.csproj", "{4FF0469A-7DD1-48C8-B961-CE9411F9EF74}"
EndProject
Project("{9A19103F-16F7-4668-BE54-9A1E7A4F7556}") = "HemSoft.EggIncTracker.Domain", "sources\HemSoft.EggIncTracker.Domain\HemSoft.EggIncTracker.Domain.csproj", "{E0EEB8D0-0F37-479B-B3CF-BE4B14319EF0}"
EndProject
Project("{9A19103F-16F7-4668-BE54-9A1E7A4F7556}") = "HemSoft.EggIncTracker.Functions", "sources\HemSoft.EggIncTracker.Functions\HemSoft.EggIncTracker.Functions.csproj", "{23091931-7C25-4C80-A275-D3D0D0F178B2}"
EndProject
Project("{FAE04EC0-301F-11D3-BF4B-00C04F79EFBC}") = "HemSoft.EggIncTracker.Dashboard.BlazorServer", "sources\HemSoft.EggIncTracker.Dashboard.BlazorServer\HemSoft.EggIncTracker.Dashboard.BlazorServer.csproj", "{C13DC607-59F2-B706-4655-DA0B01622564}"
EndProject
Project("{FAE04EC0-301F-11D3-BF4B-00C04F79EFBC}") = "HemSoft.EggIncTracker.Dashboard.BlazorClient", "sources\HemSoft.EggIncTracker.Dashboard.BlazorClient\HemSoft.EggIncTracker.Dashboard.BlazorClient.csproj", "{A20D7CC7-1C38-931A-2D7D-9BACD04BE41A}"
EndProject
Project("{FAE04EC0-301F-11D3-BF4B-00C04F79EFBC}") = "HemSoft.EggIncTracker.Api", "sources\HemSoft.EggIncTracker.Api\HemSoft.EggIncTracker.Api.csproj", "{81F5D5CB-7DA2-4820-9BF0-4FC51AFEF95D}"
EndProject
Project("{FAE04EC0-301F-11D3-BF4B-00C04F79EFBC}") = "HemSoft.News.Functions", "sources\HemSoft.News.Functions\HemSoft.News.Functions.csproj", "{F02B4E89-8A46-438C-B20C-920A8A727BCD}"
EndProject
Project("{FAE04EC0-301F-11D3-BF4B-00C04F79EFBC}") = "HemSoft.News.Functions.Tests", "tests\HemSoft.News.Functions.Tests\HemSoft.News.Functions.Tests.csproj", "{5196F4A8-3A90-4E7F-81B9-F450DB625AD8}"
EndProject
Project("{FAE04EC0-301F-11D3-BF4B-00C04F79EFBC}") = "HemSoft.News.Data", "sources\HemSoft.News.Data\HemSoft.News.Data.csproj", "{5AF358E7-78AD-41F6-A034-5A5F715950D1}"
EndProject
Project("{FAE04EC0-301F-11D3-BF4B-00C04F79EFBC}") = "HemSoft.News.Data.Tests", "tests\HemSoft.News.Data.Tests\HemSoft.News.Data.Tests.csproj", "{95FC72C1-8A03-4D27-A3CE-279695B5FB3E}"
EndProject
Project("{2150E333-8FDC-42A3-9474-1A3956D46DE8}") = "Sources", "Sources", "{A1E10A94-6181-4672-8D6A-DB3C2A9E9F4C}"
EndProject
Project("{2150E333-8FDC-42A3-9474-1A3956D46DE8}") = "Tests", "Tests", "{B2E40553-D2D9-47CB-9FB2-C9E2BD47F6C3}"
EndProject
Project("{FAE04EC0-301F-11D3-BF4B-00C04F79EFBC}") = "HemSoft.AI", "sources\HemSoft.AI\HemSoft.AI.csproj", "{8254759F-55FC-4ED5-A163-1D8099505AB9}"
EndProject
Project("{FAE04EC0-301F-11D3-BF4B-00C04F79EFBC}") = "HemSoft.News.Tools", "sources\HemSoft.News.Tools\HemSoft.News.Tools.csproj", "{B30E9842-CF72-4AF7-A149-4F6A3D07906A}"
EndProject
Global
	GlobalSection(SolutionConfigurationPlatforms) = preSolution
		Debug|Any CPU = Debug|Any CPU
		Debug|x64 = Debug|x64
		Debug|x86 = Debug|x86
		Release|Any CPU = Release|Any CPU
		Release|x64 = Release|x64
		Release|x86 = Release|x86
	EndGlobalSection
	GlobalSection(ProjectConfigurationPlatforms) = postSolution
		{4FF0469A-7DD1-48C8-B961-CE9411F9EF74}.Debug|Any CPU.ActiveCfg = Debug|Any CPU
		{4FF0469A-7DD1-48C8-B961-CE9411F9EF74}.Debug|Any CPU.Build.0 = Debug|Any CPU
		{4FF0469A-7DD1-48C8-B961-CE9411F9EF74}.Debug|x64.ActiveCfg = Debug|Any CPU
		{4FF0469A-7DD1-48C8-B961-CE9411F9EF74}.Debug|x64.Build.0 = Debug|Any CPU
		{4FF0469A-7DD1-48C8-B961-CE9411F9EF74}.Debug|x86.ActiveCfg = Debug|Any CPU
		{4FF0469A-7DD1-48C8-B961-CE9411F9EF74}.Debug|x86.Build.0 = Debug|Any CPU
		{4FF0469A-7DD1-48C8-B961-CE9411F9EF74}.Release|Any CPU.ActiveCfg = Release|Any CPU
		{4FF0469A-7DD1-48C8-B961-CE9411F9EF74}.Release|Any CPU.Build.0 = Release|Any CPU
		{4FF0469A-7DD1-48C8-B961-CE9411F9EF74}.Release|x64.ActiveCfg = Release|Any CPU
		{4FF0469A-7DD1-48C8-B961-CE9411F9EF74}.Release|x64.Build.0 = Release|Any CPU
		{4FF0469A-7DD1-48C8-B961-CE9411F9EF74}.Release|x86.ActiveCfg = Release|Any CPU
		{4FF0469A-7DD1-48C8-B961-CE9411F9EF74}.Release|x86.Build.0 = Release|Any CPU
		{E0EEB8D0-0F37-479B-B3CF-BE4B14319EF0}.Debug|Any CPU.ActiveCfg = Debug|Any CPU
		{E0EEB8D0-0F37-479B-B3CF-BE4B14319EF0}.Debug|Any CPU.Build.0 = Debug|Any CPU
		{E0EEB8D0-0F37-479B-B3CF-BE4B14319EF0}.Debug|x64.ActiveCfg = Debug|Any CPU
		{E0EEB8D0-0F37-479B-B3CF-BE4B14319EF0}.Debug|x64.Build.0 = Debug|Any CPU
		{E0EEB8D0-0F37-479B-B3CF-BE4B14319EF0}.Debug|x86.ActiveCfg = Debug|Any CPU
		{E0EEB8D0-0F37-479B-B3CF-BE4B14319EF0}.Debug|x86.Build.0 = Debug|Any CPU
		{E0EEB8D0-0F37-479B-B3CF-BE4B14319EF0}.Release|Any CPU.ActiveCfg = Release|Any CPU
		{E0EEB8D0-0F37-479B-B3CF-BE4B14319EF0}.Release|Any CPU.Build.0 = Release|Any CPU
		{E0EEB8D0-0F37-479B-B3CF-BE4B14319EF0}.Release|x64.ActiveCfg = Release|Any CPU
		{E0EEB8D0-0F37-479B-B3CF-BE4B14319EF0}.Release|x64.Build.0 = Release|Any CPU
		{E0EEB8D0-0F37-479B-B3CF-BE4B14319EF0}.Release|x86.ActiveCfg = Release|Any CPU
		{E0EEB8D0-0F37-479B-B3CF-BE4B14319EF0}.Release|x86.Build.0 = Release|Any CPU
		{23091931-7C25-4C80-A275-D3D0D0F178B2}.Debug|Any CPU.ActiveCfg = Debug|Any CPU
		{23091931-7C25-4C80-A275-D3D0D0F178B2}.Debug|Any CPU.Build.0 = Debug|Any CPU
		{23091931-7C25-4C80-A275-D3D0D0F178B2}.Debug|x64.ActiveCfg = Debug|Any CPU
		{23091931-7C25-4C80-A275-D3D0D0F178B2}.Debug|x64.Build.0 = Debug|Any CPU
		{23091931-7C25-4C80-A275-D3D0D0F178B2}.Debug|x86.ActiveCfg = Debug|Any CPU
		{23091931-7C25-4C80-A275-D3D0D0F178B2}.Debug|x86.Build.0 = Debug|Any CPU
		{23091931-7C25-4C80-A275-D3D0D0F178B2}.Release|Any CPU.ActiveCfg = Release|Any CPU
		{23091931-7C25-4C80-A275-D3D0D0F178B2}.Release|Any CPU.Build.0 = Release|Any CPU
		{23091931-7C25-4C80-A275-D3D0D0F178B2}.Release|x64.ActiveCfg = Release|Any CPU
		{23091931-7C25-4C80-A275-D3D0D0F178B2}.Release|x64.Build.0 = Release|Any CPU
		{23091931-7C25-4C80-A275-D3D0D0F178B2}.Release|x86.ActiveCfg = Release|Any CPU
		{23091931-7C25-4C80-A275-D3D0D0F178B2}.Release|x86.Build.0 = Release|Any CPU
		{C13DC607-59F2-B706-4655-DA0B01622564}.Debug|Any CPU.ActiveCfg = Debug|Any CPU
		{C13DC607-59F2-B706-4655-DA0B01622564}.Debug|Any CPU.Build.0 = Debug|Any CPU
		{C13DC607-59F2-B706-4655-DA0B01622564}.Debug|x64.ActiveCfg = Debug|Any CPU
		{C13DC607-59F2-B706-4655-DA0B01622564}.Debug|x64.Build.0 = Debug|Any CPU
		{C13DC607-59F2-B706-4655-DA0B01622564}.Debug|x86.ActiveCfg = Debug|Any CPU
		{C13DC607-59F2-B706-4655-DA0B01622564}.Debug|x86.Build.0 = Debug|Any CPU
		{C13DC607-59F2-B706-4655-DA0B01622564}.Release|Any CPU.ActiveCfg = Release|Any CPU
		{C13DC607-59F2-B706-4655-DA0B01622564}.Release|Any CPU.Build.0 = Release|Any CPU
		{C13DC607-59F2-B706-4655-DA0B01622564}.Release|x64.ActiveCfg = Release|Any CPU
		{C13DC607-59F2-B706-4655-DA0B01622564}.Release|x64.Build.0 = Release|Any CPU
		{C13DC607-59F2-B706-4655-DA0B01622564}.Release|x86.ActiveCfg = Release|Any CPU
		{C13DC607-59F2-B706-4655-DA0B01622564}.Release|x86.Build.0 = Release|Any CPU
		{A20D7CC7-1C38-931A-2D7D-9BACD04BE41A}.Debug|Any CPU.ActiveCfg = Debug|Any CPU
		{A20D7CC7-1C38-931A-2D7D-9BACD04BE41A}.Debug|Any CPU.Build.0 = Debug|Any CPU
		{A20D7CC7-1C38-931A-2D7D-9BACD04BE41A}.Debug|x64.ActiveCfg = Debug|Any CPU
		{A20D7CC7-1C38-931A-2D7D-9BACD04BE41A}.Debug|x64.Build.0 = Debug|Any CPU
		{A20D7CC7-1C38-931A-2D7D-9BACD04BE41A}.Debug|x86.ActiveCfg = Debug|Any CPU
		{A20D7CC7-1C38-931A-2D7D-9BACD04BE41A}.Debug|x86.Build.0 = Debug|Any CPU
		{A20D7CC7-1C38-931A-2D7D-9BACD04BE41A}.Release|Any CPU.ActiveCfg = Release|Any CPU
		{A20D7CC7-1C38-931A-2D7D-9BACD04BE41A}.Release|Any CPU.Build.0 = Release|Any CPU
		{A20D7CC7-1C38-931A-2D7D-9BACD04BE41A}.Release|x64.ActiveCfg = Release|Any CPU
		{A20D7CC7-1C38-931A-2D7D-9BACD04BE41A}.Release|x64.Build.0 = Release|Any CPU
		{A20D7CC7-1C38-931A-2D7D-9BACD04BE41A}.Release|x86.ActiveCfg = Release|Any CPU
		{A20D7CC7-1C38-931A-2D7D-9BACD04BE41A}.Release|x86.Build.0 = Release|Any CPU
		{81F5D5CB-7DA2-4820-9BF0-4FC51AFEF95D}.Debug|Any CPU.ActiveCfg = Debug|Any CPU
		{81F5D5CB-7DA2-4820-9BF0-4FC51AFEF95D}.Debug|Any CPU.Build.0 = Debug|Any CPU
		{81F5D5CB-7DA2-4820-9BF0-4FC51AFEF95D}.Debug|x64.ActiveCfg = Debug|Any CPU
		{81F5D5CB-7DA2-4820-9BF0-4FC51AFEF95D}.Debug|x64.Build.0 = Debug|Any CPU
		{81F5D5CB-7DA2-4820-9BF0-4FC51AFEF95D}.Debug|x86.ActiveCfg = Debug|Any CPU
		{81F5D5CB-7DA2-4820-9BF0-4FC51AFEF95D}.Debug|x86.Build.0 = Debug|Any CPU
		{81F5D5CB-7DA2-4820-9BF0-4FC51AFEF95D}.Release|Any CPU.ActiveCfg = Release|Any CPU
		{81F5D5CB-7DA2-4820-9BF0-4FC51AFEF95D}.Release|Any CPU.Build.0 = Release|Any CPU
		{81F5D5CB-7DA2-4820-9BF0-4FC51AFEF95D}.Release|x64.ActiveCfg = Release|Any CPU
		{81F5D5CB-7DA2-4820-9BF0-4FC51AFEF95D}.Release|x64.Build.0 = Release|Any CPU
		{81F5D5CB-7DA2-4820-9BF0-4FC51AFEF95D}.Release|x86.ActiveCfg = Release|Any CPU
		{81F5D5CB-7DA2-4820-9BF0-4FC51AFEF95D}.Release|x86.Build.0 = Release|Any CPU
		{F02B4E89-8A46-438C-B20C-920A8A727BCD}.Debug|Any CPU.ActiveCfg = Debug|Any CPU
		{F02B4E89-8A46-438C-B20C-920A8A727BCD}.Debug|Any CPU.Build.0 = Debug|Any CPU
		{F02B4E89-8A46-438C-B20C-920A8A727BCD}.Debug|x64.ActiveCfg = Debug|Any CPU
		{F02B4E89-8A46-438C-B20C-920A8A727BCD}.Debug|x64.Build.0 = Debug|Any CPU
		{F02B4E89-8A46-438C-B20C-920A8A727BCD}.Debug|x86.ActiveCfg = Debug|Any CPU
		{F02B4E89-8A46-438C-B20C-920A8A727BCD}.Debug|x86.Build.0 = Debug|Any CPU
		{F02B4E89-8A46-438C-B20C-920A8A727BCD}.Release|Any CPU.ActiveCfg = Release|Any CPU
		{F02B4E89-8A46-438C-B20C-920A8A727BCD}.Release|Any CPU.Build.0 = Release|Any CPU
		{F02B4E89-8A46-438C-B20C-920A8A727BCD}.Release|x64.ActiveCfg = Release|Any CPU
		{F02B4E89-8A46-438C-B20C-920A8A727BCD}.Release|x64.Build.0 = Release|Any CPU
		{F02B4E89-8A46-438C-B20C-920A8A727BCD}.Release|x86.ActiveCfg = Release|Any CPU
		{F02B4E89-8A46-438C-B20C-920A8A727BCD}.Release|x86.Build.0 = Release|Any CPU
		{5196F4A8-3A90-4E7F-81B9-F450DB625AD8}.Debug|Any CPU.ActiveCfg = Debug|Any CPU
		{5196F4A8-3A90-4E7F-81B9-F450DB625AD8}.Debug|Any CPU.Build.0 = Debug|Any CPU
		{5196F4A8-3A90-4E7F-81B9-F450DB625AD8}.Debug|x64.ActiveCfg = Debug|Any CPU
		{5196F4A8-3A90-4E7F-81B9-F450DB625AD8}.Debug|x64.Build.0 = Debug|Any CPU
		{5196F4A8-3A90-4E7F-81B9-F450DB625AD8}.Debug|x86.ActiveCfg = Debug|Any CPU
		{5196F4A8-3A90-4E7F-81B9-F450DB625AD8}.Debug|x86.Build.0 = Debug|Any CPU
		{5196F4A8-3A90-4E7F-81B9-F450DB625AD8}.Release|Any CPU.ActiveCfg = Release|Any CPU
		{5196F4A8-3A90-4E7F-81B9-F450DB625AD8}.Release|Any CPU.Build.0 = Release|Any CPU
		{5196F4A8-3A90-4E7F-81B9-F450DB625AD8}.Release|x64.ActiveCfg = Release|Any CPU
		{5196F4A8-3A90-4E7F-81B9-F450DB625AD8}.Release|x64.Build.0 = Release|Any CPU
		{5196F4A8-3A90-4E7F-81B9-F450DB625AD8}.Release|x86.ActiveCfg = Release|Any CPU
		{5196F4A8-3A90-4E7F-81B9-F450DB625AD8}.Release|x86.Build.0 = Release|Any CPU
		{5AF358E7-78AD-41F6-A034-5A5F715950D1}.Debug|Any CPU.ActiveCfg = Debug|Any CPU
		{5AF358E7-78AD-41F6-A034-5A5F715950D1}.Debug|Any CPU.Build.0 = Debug|Any CPU
		{5AF358E7-78AD-41F6-A034-5A5F715950D1}.Debug|x64.ActiveCfg = Debug|Any CPU
		{5AF358E7-78AD-41F6-A034-5A5F715950D1}.Debug|x64.Build.0 = Debug|Any CPU
		{5AF358E7-78AD-41F6-A034-5A5F715950D1}.Debug|x86.ActiveCfg = Debug|Any CPU
		{5AF358E7-78AD-41F6-A034-5A5F715950D1}.Debug|x86.Build.0 = Debug|Any CPU
		{5AF358E7-78AD-41F6-A034-5A5F715950D1}.Release|Any CPU.ActiveCfg = Release|Any CPU
		{5AF358E7-78AD-41F6-A034-5A5F715950D1}.Release|Any CPU.Build.0 = Release|Any CPU
		{5AF358E7-78AD-41F6-A034-5A5F715950D1}.Release|x64.ActiveCfg = Release|Any CPU
		{5AF358E7-78AD-41F6-A034-5A5F715950D1}.Release|x64.Build.0 = Release|Any CPU
		{5AF358E7-78AD-41F6-A034-5A5F715950D1}.Release|x86.ActiveCfg = Release|Any CPU
		{5AF358E7-78AD-41F6-A034-5A5F715950D1}.Release|x86.Build.0 = Release|Any CPU
		{95FC72C1-8A03-4D27-A3CE-279695B5FB3E}.Debug|Any CPU.ActiveCfg = Debug|Any CPU
		{95FC72C1-8A03-4D27-A3CE-279695B5FB3E}.Debug|Any CPU.Build.0 = Debug|Any CPU
		{95FC72C1-8A03-4D27-A3CE-279695B5FB3E}.Debug|x64.ActiveCfg = Debug|Any CPU
		{95FC72C1-8A03-4D27-A3CE-279695B5FB3E}.Debug|x64.Build.0 = Debug|Any CPU
		{95FC72C1-8A03-4D27-A3CE-279695B5FB3E}.Debug|x86.ActiveCfg = Debug|Any CPU
		{95FC72C1-8A03-4D27-A3CE-279695B5FB3E}.Debug|x86.Build.0 = Debug|Any CPU
		{95FC72C1-8A03-4D27-A3CE-279695B5FB3E}.Release|Any CPU.ActiveCfg = Release|Any CPU
		{95FC72C1-8A03-4D27-A3CE-279695B5FB3E}.Release|Any CPU.Build.0 = Release|Any CPU
		{95FC72C1-8A03-4D27-A3CE-279695B5FB3E}.Release|x64.ActiveCfg = Release|Any CPU
		{95FC72C1-8A03-4D27-A3CE-279695B5FB3E}.Release|x64.Build.0 = Release|Any CPU
		{95FC72C1-8A03-4D27-A3CE-279695B5FB3E}.Release|x86.ActiveCfg = Release|Any CPU
		{95FC72C1-8A03-4D27-A3CE-279695B5FB3E}.Release|x86.Build.0 = Release|Any CPU
		{8254759F-55FC-4ED5-A163-1D8099505AB9}.Debug|Any CPU.ActiveCfg = Debug|Any CPU
		{8254759F-55FC-4ED5-A163-1D8099505AB9}.Debug|Any CPU.Build.0 = Debug|Any CPU
		{8254759F-55FC-4ED5-A163-1D8099505AB9}.Debug|x64.ActiveCfg = Debug|Any CPU
		{8254759F-55FC-4ED5-A163-1D8099505AB9}.Debug|x64.Build.0 = Debug|Any CPU
		{8254759F-55FC-4ED5-A163-1D8099505AB9}.Debug|x86.ActiveCfg = Debug|Any CPU
		{8254759F-55FC-4ED5-A163-1D8099505AB9}.Debug|x86.Build.0 = Debug|Any CPU
		{8254759F-55FC-4ED5-A163-1D8099505AB9}.Release|Any CPU.ActiveCfg = Release|Any CPU
		{8254759F-55FC-4ED5-A163-1D8099505AB9}.Release|Any CPU.Build.0 = Release|Any CPU
		{8254759F-55FC-4ED5-A163-1D8099505AB9}.Release|x64.ActiveCfg = Release|Any CPU
		{8254759F-55FC-4ED5-A163-1D8099505AB9}.Release|x64.Build.0 = Release|Any CPU
		{8254759F-55FC-4ED5-A163-1D8099505AB9}.Release|x86.ActiveCfg = Release|Any CPU
		{8254759F-55FC-4ED5-A163-1D8099505AB9}.Release|x86.Build.0 = Release|Any CPU
		{B30E9842-CF72-4AF7-A149-4F6A3D07906A}.Debug|Any CPU.ActiveCfg = Debug|Any CPU
		{B30E9842-CF72-4AF7-A149-4F6A3D07906A}.Debug|Any CPU.Build.0 = Debug|Any CPU
		{B30E9842-CF72-4AF7-A149-4F6A3D07906A}.Debug|x64.ActiveCfg = Debug|Any CPU
		{B30E9842-CF72-4AF7-A149-4F6A3D07906A}.Debug|x64.Build.0 = Debug|Any CPU
		{B30E9842-CF72-4AF7-A149-4F6A3D07906A}.Debug|x86.ActiveCfg = Debug|Any CPU
		{B30E9842-CF72-4AF7-A149-4F6A3D07906A}.Debug|x86.Build.0 = Debug|Any CPU
		{B30E9842-CF72-4AF7-A149-4F6A3D07906A}.Release|Any CPU.ActiveCfg = Release|Any CPU
		{B30E9842-CF72-4AF7-A149-4F6A3D07906A}.Release|Any CPU.Build.0 = Release|Any CPU
		{B30E9842-CF72-4AF7-A149-4F6A3D07906A}.Release|x64.ActiveCfg = Release|Any CPU
		{B30E9842-CF72-4AF7-A149-4F6A3D07906A}.Release|x64.Build.0 = Release|Any CPU
		{B30E9842-CF72-4AF7-A149-4F6A3D07906A}.Release|x86.ActiveCfg = Release|Any CPU
		{B30E9842-CF72-4AF7-A149-4F6A3D07906A}.Release|x86.Build.0 = Release|Any CPU
	EndGlobalSection
	GlobalSection(SolutionProperties) = preSolution
		HideSolutionNode = FALSE
	EndGlobalSection
	GlobalSection(NestedProjects) = preSolution
		{4FF0469A-7DD1-48C8-B961-CE9411F9EF74} = {A1E10A94-6181-4672-8D6A-DB3C2A9E9F4C}
		{E0EEB8D0-0F37-479B-B3CF-BE4B14319EF0} = {A1E10A94-6181-4672-8D6A-DB3C2A9E9F4C}
		{23091931-7C25-4C80-A275-D3D0D0F178B2} = {A1E10A94-6181-4672-8D6A-DB3C2A9E9F4C}
		{C13DC607-59F2-B706-4655-DA0B01622564} = {A1E10A94-6181-4672-8D6A-DB3C2A9E9F4C}
		{A20D7CC7-1C38-931A-2D7D-9BACD04BE41A} = {A1E10A94-6181-4672-8D6A-DB3C2A9E9F4C}
		{81F5D5CB-7DA2-4820-9BF0-4FC51AFEF95D} = {A1E10A94-6181-4672-8D6A-DB3C2A9E9F4C}
		{F02B4E89-8A46-438C-B20C-920A8A727BCD} = {A1E10A94-6181-4672-8D6A-DB3C2A9E9F4C}
		{5196F4A8-3A90-4E7F-81B9-F450DB625AD8} = {B2E40553-D2D9-47CB-9FB2-C9E2BD47F6C3}
		{5AF358E7-78AD-41F6-A034-5A5F715950D1} = {A1E10A94-6181-4672-8D6A-DB3C2A9E9F4C}
		{95FC72C1-8A03-4D27-A3CE-279695B5FB3E} = {B2E40553-D2D9-47CB-9FB2-C9E2BD47F6C3}
		{8254759F-55FC-4ED5-A163-1D8099505AB9} = {A1E10A94-6181-4672-8D6A-DB3C2A9E9F4C}
		{B30E9842-CF72-4AF7-A149-4F6A3D07906A} = {A1E10A94-6181-4672-8D6A-DB3C2A9E9F4C}
	EndGlobalSection
	GlobalSection(ExtensibilityGlobals) = postSolution
		SolutionGuid = {79E76027-4593-44D9-B49D-0DECEA012956}
	EndGlobalSection
EndGlobal
